
Microsoft Visual Studio Solution File, Format Version 12.00
# Visual Studio Version 16
VisualStudioVersion = 16.0.31624.102
MinimumVisualStudioVersion = 10.0.40219.1
Project("{FAE04EC0-301F-11D3-BF4B-00C04F79EFBC}") = "WebAPIDemo", "WebAPIDemo\WebAPIDemo.csproj", "{A6E8B797-A089-4A68-90BC-A8B12F9FDF5B}"
EndProject
Global
	GlobalSection(SolutionConfigurationPlatforms) = preSolution
		Debug|Any CPU = Debug|Any CPU
		Release|Any CPU = Release|Any CPU
	EndGlobalSection
	GlobalSection(ProjectConfigurationPlatforms) = postSolution
		{A6E8B797-A089-4A68-90BC-A8B12F9FDF5B}.Debug|Any CPU.ActiveCfg = Debug|Any CPU
		{A6E8B797-A089-4A68-90BC-A8B12F9FDF5B}.Debug|Any CPU.Build.0 = Debug|Any CPU
		{A6E8B797-A089-4A68-90BC-A8B12F9FDF5B}.Release|Any CPU.ActiveCfg = Release|Any CPU
		{A6E8B797-A089-4A68-90BC-A8B12F9FDF5B}.Release|Any CPU.Build.0 = Release|Any CPU
	EndGlobalSection
	GlobalSection(SolutionProperties) = preSolution
		HideSolutionNode = FALSE
	EndGlobalSection
	GlobalSection(ExtensibilityGlobals) = postSolution
		SolutionGuid = {D4EE183F-4D82-45A8-BDBA-BBC536799D7F}
	EndGlobalSection
EndGlobal
